// !$*UTF8*$!
{
	archiveVersion = 1;
	classes = {
	};
	objectVersion = 56;
	objects = {

/* Begin PBXBuildFile section */
		F740A6FD29E7327500265AAC /* TreatView.swift in Sources */ = {isa = PBXBuildFile; fileRef = F740A6FC29E7327500265AAC /* TreatView.swift */; };
		F75B50D929D6CB20007D2998 /* SetaraaaaaApp.swift in Sources */ = {isa = PBXBuildFile; fileRef = F75B50D829D6CB20007D2998 /* SetaraaaaaApp.swift */; };
		F75B50DD29D6CB21007D2998 /* Assets.xcassets in Resources */ = {isa = PBXBuildFile; fileRef = F75B50DC29D6CB21007D2998 /* Assets.xcassets */; };
		F75B50E029D6CB21007D2998 /* Preview Assets.xcassets in Resources */ = {isa = PBXBuildFile; fileRef = F75B50DF29D6CB21007D2998 /* Preview Assets.xcassets */; };
		F75B50E729D6CEA2007D2998 /* ViewDuaView.swift in Sources */ = {isa = PBXBuildFile; fileRef = F75B50E629D6CEA2007D2998 /* ViewDuaView.swift */; };
		F75B50ED29DAB3D5007D2998 /* SpendingView.swift in Sources */ = {isa = PBXBuildFile; fileRef = F75B50EC29DAB3D5007D2998 /* SpendingView.swift */; };
		F75B50F129DB4583007D2998 /* TablePlateView.swift in Sources */ = {isa = PBXBuildFile; fileRef = F75B50F029DB4583007D2998 /* TablePlateView.swift */; };
		F790036D29E5184100CA6C83 /* SplashScreenView.swift in Sources */ = {isa = PBXBuildFile; fileRef = F790036C29E5184100CA6C83 /* SplashScreenView.swift */; };
		F790036F29E5236200CA6C83 /* UserDefaults.swift in Sources */ = {isa = PBXBuildFile; fileRef = F790036E29E5236200CA6C83 /* UserDefaults.swift */; };
		F79FF12A29E2FE4500B727A1 /* ListName.swift in Sources */ = {isa = PBXBuildFile; fileRef = F79FF12929E2FE4500B727A1 /* ListName.swift */; };
		F7F1355E29DBBD8E0074F8F3 /* HomeView.swift in Sources */ = {isa = PBXBuildFile; fileRef = F7F1355D29DBBD8E0074F8F3 /* HomeView.swift */; };
		F7F1356029DC2BB30074F8F3 /* ItemView.swift in Sources */ = {isa = PBXBuildFile; fileRef = F7F1355F29DC2BB30074F8F3 /* ItemView.swift */; };
/* End PBXBuildFile section */

/* Begin PBXFileReference section */
		F740A6FC29E7327500265AAC /* TreatView.swift */ = {isa = PBXFileReference; lastKnownFileType = sourcecode.swift; path = TreatView.swift; sourceTree = "<group>"; };
		F75B50D529D6CB20007D2998 /* Setaraaaaa.app */ = {isa = PBXFileReference; explicitFileType = wrapper.application; includeInIndex = 0; path = Setaraaaaa.app; sourceTree = BUILT_PRODUCTS_DIR; };
		F75B50D829D6CB20007D2998 /* SetaraaaaaApp.swift */ = {isa = PBXFileReference; lastKnownFileType = sourcecode.swift; path = SetaraaaaaApp.swift; sourceTree = "<group>"; };
		F75B50DC29D6CB21007D2998 /* Assets.xcassets */ = {isa = PBXFileReference; lastKnownFileType = folder.assetcatalog; path = Assets.xcassets; sourceTree = "<group>"; };
		F75B50DF29D6CB21007D2998 /* Preview Assets.xcassets */ = {isa = PBXFileReference; lastKnownFileType = folder.assetcatalog; path = "Preview Assets.xcassets"; sourceTree = "<group>"; };
		F75B50E629D6CEA2007D2998 /* ViewDuaView.swift */ = {isa = PBXFileReference; lastKnownFileType = sourcecode.swift; path = ViewDuaView.swift; sourceTree = "<group>"; };
		F75B50EC29DAB3D5007D2998 /* SpendingView.swift */ = {isa = PBXFileReference; lastKnownFileType = sourcecode.swift; path = SpendingView.swift; sourceTree = "<group>"; };
		F75B50F029DB4583007D2998 /* TablePlateView.swift */ = {isa = PBXFileReference; lastKnownFileType = sourcecode.swift; path = TablePlateView.swift; sourceTree = "<group>"; };
		F790036C29E5184100CA6C83 /* SplashScreenView.swift */ = {isa = PBXFileReference; lastKnownFileType = sourcecode.swift; path = SplashScreenView.swift; sourceTree = "<group>"; };
		F790036E29E5236200CA6C83 /* UserDefaults.swift */ = {isa = PBXFileReference; lastKnownFileType = sourcecode.swift; path = UserDefaults.swift; sourceTree = "<group>"; };
		F79FF12929E2FE4500B727A1 /* ListName.swift */ = {isa = PBXFileReference; lastKnownFileType = sourcecode.swift; path = ListName.swift; sourceTree = "<group>"; };
		F7F1355D29DBBD8E0074F8F3 /* HomeView.swift */ = {isa = PBXFileReference; lastKnownFileType = sourcecode.swift; path = HomeView.swift; sourceTree = "<group>"; };
		F7F1355F29DC2BB30074F8F3 /* ItemView.swift */ = {isa = PBXFileReference; lastKnownFileType = sourcecode.swift; path = ItemView.swift; sourceTree = "<group>"; };
/* End PBXFileReference section */

/* Begin PBXFrameworksBuildPhase section */
		F75B50D229D6CB20007D2998 /* Frameworks */ = {
			isa = PBXFrameworksBuildPhase;
			buildActionMask = 2147483647;
			files = (
			);
			runOnlyForDeploymentPostprocessing = 0;
		};
/* End PBXFrameworksBuildPhase section */

/* Begin PBXGroup section */
		F75B50CC29D6CB20007D2998 = {
			isa = PBXGroup;
			children = (
				F75B50D729D6CB20007D2998 /* Setaraaaaa */,
				F75B50D629D6CB20007D2998 /* Products */,
			);
			sourceTree = "<group>";
		};
		F75B50D629D6CB20007D2998 /* Products */ = {
			isa = PBXGroup;
			children = (
				F75B50D529D6CB20007D2998 /* Setaraaaaa.app */,
			);
			name = Products;
			sourceTree = "<group>";
		};
		F75B50D729D6CB20007D2998 /* Setaraaaaa */ = {
			isa = PBXGroup;
			children = (
				F75B50D829D6CB20007D2998 /* SetaraaaaaApp.swift */,
				F75B50E629D6CEA2007D2998 /* ViewDuaView.swift */,
				F75B50F029DB4583007D2998 /* TablePlateView.swift */,
				F740A6FC29E7327500265AAC /* TreatView.swift */,
				F7F1355D29DBBD8E0074F8F3 /* HomeView.swift */,
				F79FF12929E2FE4500B727A1 /* ListName.swift */,
				F7F1355F29DC2BB30074F8F3 /* ItemView.swift */,
				F790036C29E5184100CA6C83 /* SplashScreenView.swift */,
				F75B50EC29DAB3D5007D2998 /* SpendingView.swift */,
				F75B50DC29D6CB21007D2998 /* Assets.xcassets */,
				F75B50DE29D6CB21007D2998 /* Preview Content */,
				F790036E29E5236200CA6C83 /* UserDefaults.swift */,
			);
			path = Setaraaaaa;
			sourceTree = "<group>";
		};
		F75B50DE29D6CB21007D2998 /* Preview Content */ = {
			isa = PBXGroup;
			children = (
				F75B50DF29D6CB21007D2998 /* Preview Assets.xcassets */,
			);
			path = "Preview Content";
			sourceTree = "<group>";
		};
/* End PBXGroup section */

/* Begin PBXNativeTarget section */
		F75B50D429D6CB20007D2998 /* Setaraaaaa */ = {
			isa = PBXNativeTarget;
			buildConfigurationList = F75B50E329D6CB21007D2998 /* Build configuration list for PBXNativeTarget "Setaraaaaa" */;
			buildPhases = (
				F75B50D129D6CB20007D2998 /* Sources */,
				F75B50D229D6CB20007D2998 /* Frameworks */,
				F75B50D329D6CB20007D2998 /* Resources */,
			);
			buildRules = (
			);
			dependencies = (
			);
			name = Setaraaaaa;
			productName = Setaraaaaa;
			productReference = F75B50D529D6CB20007D2998 /* Setaraaaaa.app */;
			productType = "com.apple.product-type.application";
		};
/* End PBXNativeTarget section */

/* Begin PBXProject section */
		F75B50CD29D6CB20007D2998 /* Project object */ = {
			isa = PBXProject;
			attributes = {
				BuildIndependentTargetsInParallel = 1;
				LastSwiftUpdateCheck = 1420;
				LastUpgradeCheck = 1420;
				TargetAttributes = {
					F75B50D429D6CB20007D2998 = {
						CreatedOnToolsVersion = 14.2;
					};
				};
			};
			buildConfigurationList = F75B50D029D6CB20007D2998 /* Build configuration list for PBXProject "Setara" */;
			compatibilityVersion = "Xcode 14.0";
			developmentRegion = en;
			hasScannedForEncodings = 0;
			knownRegions = (
				en,
				Base,
			);
			mainGroup = F75B50CC29D6CB20007D2998;
			productRefGroup = F75B50D629D6CB20007D2998 /* Products */;
			projectDirPath = "";
			projectRoot = "";
			targets = (
				F75B50D429D6CB20007D2998 /* Setaraaaaa */,
			);
		};
/* End PBXProject section */

/* Begin PBXResourcesBuildPhase section */
		F75B50D329D6CB20007D2998 /* Resources */ = {
			isa = PBXResourcesBuildPhase;
			buildActionMask = 2147483647;
			files = (
				F75B50E029D6CB21007D2998 /* Preview Assets.xcassets in Resources */,
				F75B50DD29D6CB21007D2998 /* Assets.xcassets in Resources */,
			);
			runOnlyForDeploymentPostprocessing = 0;
		};
/* End PBXResourcesBuildPhase section */

/* Begin PBXSourcesBuildPhase section */
		F75B50D129D6CB20007D2998 /* Sources */ = {
			isa = PBXSourcesBuildPhase;
			buildActionMask = 2147483647;
			files = (
				F75B50F129DB4583007D2998 /* TablePlateView.swift in Sources */,
				F75B50E729D6CEA2007D2998 /* ViewDuaView.swift in Sources */,
				F740A6FD29E7327500265AAC /* TreatView.swift in Sources */,
				F790036D29E5184100CA6C83 /* SplashScreenView.swift in Sources */,
				F7F1356029DC2BB30074F8F3 /* ItemView.swift in Sources */,
				F7F1355E29DBBD8E0074F8F3 /* HomeView.swift in Sources */,
				F790036F29E5236200CA6C83 /* UserDefaults.swift in Sources */,
				F75B50ED29DAB3D5007D2998 /* SpendingView.swift in Sources */,
				F79FF12A29E2FE4500B727A1 /* ListName.swift in Sources */,
				F75B50D929D6CB20007D2998 /* SetaraaaaaApp.swift in Sources */,
			);
			runOnlyForDeploymentPostprocessing = 0;
		};
/* End PBXSourcesBuildPhase section */

/* Begin XCBuildConfiguration section */
		F75B50E129D6CB21007D2998 /* Debug */ = {
			isa = XCBuildConfiguration;
			buildSettings = {
				ALWAYS_SEARCH_USER_PATHS = NO;
				CLANG_ANALYZER_NONNULL = YES;
				CLANG_ANALYZER_NUMBER_OBJECT_CONVERSION = YES_AGGRESSIVE;
				CLANG_CXX_LANGUAGE_STANDARD = "gnu++20";
				CLANG_ENABLE_MODULES = YES;
				CLANG_ENABLE_OBJC_ARC = YES;
				CLANG_ENABLE_OBJC_WEAK = YES;
				CLANG_WARN_BLOCK_CAPTURE_AUTORELEASING = YES;
				CLANG_WARN_BOOL_CONVERSION = YES;
				CLANG_WARN_COMMA = YES;
				CLANG_WARN_CONSTANT_CONVERSION = YES;
				CLANG_WARN_DEPRECATED_OBJC_IMPLEMENTATIONS = YES;
				CLANG_WARN_DIRECT_OBJC_ISA_USAGE = YES_ERROR;
				CLANG_WARN_DOCUMENTATION_COMMENTS = YES;
				CLANG_WARN_EMPTY_BODY = YES;
				CLANG_WARN_ENUM_CONVERSION = YES;
				CLANG_WARN_INFINITE_RECURSION = YES;
				CLANG_WARN_INT_CONVERSION = YES;
				CLANG_WARN_NON_LITERAL_NULL_CONVERSION = YES;
				CLANG_WARN_OBJC_IMPLICIT_RETAIN_SELF = YES;
				CLANG_WARN_OBJC_LITERAL_CONVERSION = YES;
				CLANG_WARN_OBJC_ROOT_CLASS = YES_ERROR;
				CLANG_WARN_QUOTED_INCLUDE_IN_FRAMEWORK_HEADER = YES;
				CLANG_WARN_RANGE_LOOP_ANALYSIS = YES;
				CLANG_WARN_STRICT_PROTOTYPES = YES;
				CLANG_WARN_SUSPICIOUS_MOVE = YES;
				CLANG_WARN_UNGUARDED_AVAILABILITY = YES_AGGRESSIVE;
				CLANG_WARN_UNREACHABLE_CODE = YES;
				CLANG_WARN__DUPLICATE_METHOD_MATCH = YES;
				COPY_PHASE_STRIP = NO;
				DEBUG_INFORMATION_FORMAT = dwarf;
				ENABLE_STRICT_OBJC_MSGSEND = YES;
				ENABLE_TESTABILITY = YES;
				GCC_C_LANGUAGE_STANDARD = gnu11;
				GCC_DYNAMIC_NO_PIC = NO;
				GCC_NO_COMMON_BLOCKS = YES;
				GCC_OPTIMIZATION_LEVEL = 0;
				GCC_PREPROCESSOR_DEFINITIONS = (
					"DEBUG=1",
					"$(inherited)",
				);
				GCC_WARN_64_TO_32_BIT_CONVERSION = YES;
				GCC_WARN_ABOUT_RETURN_TYPE = YES_ERROR;
				GCC_WARN_UNDECLARED_SELECTOR = YES;
				GCC_WARN_UNINITIALIZED_AUTOS = YES_AGGRESSIVE;
				GCC_WARN_UNUSED_FUNCTION = YES;
				GCC_WARN_UNUSED_VARIABLE = YES;
				IPHONEOS_DEPLOYMENT_TARGET = 16.2;
				MTL_ENABLE_DEBUG_INFO = INCLUDE_SOURCE;
				MTL_FAST_MATH = YES;
				ONLY_ACTIVE_ARCH = YES;
				SDKROOT = iphoneos;
				SWIFT_ACTIVE_COMPILATION_CONDITIONS = DEBUG;
				SWIFT_OPTIMIZATION_LEVEL = "-Onone";
			};
			name = Debug;
		};
		F75B50E229D6CB21007D2998 /* Release */ = {
			isa = XCBuildConfiguration;
			buildSettings = {
				ALWAYS_SEARCH_USER_PATHS = NO;
				CLANG_ANALYZER_NONNULL = YES;
				CLANG_ANALYZER_NUMBER_OBJECT_CONVERSION = YES_AGGRESSIVE;
				CLANG_CXX_LANGUAGE_STANDARD = "gnu++20";
				CLANG_ENABLE_MODULES = YES;
				CLANG_ENABLE_OBJC_ARC = YES;
				CLANG_ENABLE_OBJC_WEAK = YES;
				CLANG_WARN_BLOCK_CAPTURE_AUTORELEASING = YES;
				CLANG_WARN_BOOL_CONVERSION = YES;
				CLANG_WARN_COMMA = YES;
				CLANG_WARN_CONSTANT_CONVERSION = YES;
				CLANG_WARN_DEPRECATED_OBJC_IMPLEMENTATIONS = YES;
				CLANG_WARN_DIRECT_OBJC_ISA_USAGE = YES_ERROR;
				CLANG_WARN_DOCUMENTATION_COMMENTS = YES;
				CLANG_WARN_EMPTY_BODY = YES;
				CLANG_WARN_ENUM_CONVERSION = YES;
				CLANG_WARN_INFINITE_RECURSION = YES;
				CLANG_WARN_INT_CONVERSION = YES;
				CLANG_WARN_NON_LITERAL_NULL_CONVERSION = YES;
				CLANG_WARN_OBJC_IMPLICIT_RETAIN_SELF = YES;
				CLANG_WARN_OBJC_LITERAL_CONVERSION = YES;
				CLANG_WARN_OBJC_ROOT_CLASS = YES_ERROR;
				CLANG_WARN_QUOTED_INCLUDE_IN_FRAMEWORK_HEADER = YES;
				CLANG_WARN_RANGE_LOOP_ANALYSIS = YES;
				CLANG_WARN_STRICT_PROTOTYPES = YES;
				CLANG_WARN_SUSPICIOUS_MOVE = YES;
				CLANG_WARN_UNGUARDED_AVAILABILITY = YES_AGGRESSIVE;
				CLANG_WARN_UNREACHABLE_CODE = YES;
				CLANG_WARN__DUPLICATE_METHOD_MATCH = YES;
				COPY_PHASE_STRIP = NO;
				DEBUG_INFORMATION_FORMAT = "dwarf-with-dsym";
				ENABLE_NS_ASSERTIONS = NO;
				ENABLE_STRICT_OBJC_MSGSEND = YES;
				GCC_C_LANGUAGE_STANDARD = gnu11;
				GCC_NO_COMMON_BLOCKS = YES;
				GCC_WARN_64_TO_32_BIT_CONVERSION = YES;
				GCC_WARN_ABOUT_RETURN_TYPE = YES_ERROR;
				GCC_WARN_UNDECLARED_SELECTOR = YES;
				GCC_WARN_UNINITIALIZED_AUTOS = YES_AGGRESSIVE;
				GCC_WARN_UNUSED_FUNCTION = YES;
				GCC_WARN_UNUSED_VARIABLE = YES;
				IPHONEOS_DEPLOYMENT_TARGET = 16.2;
				MTL_ENABLE_DEBUG_INFO = NO;
				MTL_FAST_MATH = YES;
				SDKROOT = iphoneos;
				SWIFT_COMPILATION_MODE = wholemodule;
				SWIFT_OPTIMIZATION_LEVEL = "-O";
				VALIDATE_PRODUCT = YES;
			};
			name = Release;
		};
		F75B50E429D6CB21007D2998 /* Debug */ = {
			isa = XCBuildConfiguration;
			buildSettings = {
				ASSETCATALOG_COMPILER_APPICON_NAME = AppIcon;
				ASSETCATALOG_COMPILER_GLOBAL_ACCENT_COLOR_NAME = AccentColor;
				CODE_SIGN_IDENTITY = "Apple Development";
				CODE_SIGN_STYLE = Automatic;
				CURRENT_PROJECT_VERSION = 1;
				DEVELOPMENT_ASSET_PATHS = "\"Setaraaaaa/Preview Content\"";
				DEVELOPMENT_TEAM = "";
				ENABLE_PREVIEWS = YES;
				GENERATE_INFOPLIST_FILE = YES;
				INFOPLIST_KEY_UIApplicationSceneManifest_Generation = YES;
				INFOPLIST_KEY_UIApplicationSupportsIndirectInputEvents = YES;
				INFOPLIST_KEY_UILaunchScreen_Generation = YES;
				INFOPLIST_KEY_UISupportedInterfaceOrientations_iPad = "UIInterfaceOrientationPortrait UIInterfaceOrientationPortraitUpsideDown UIInterfaceOrientationLandscapeLeft UIInterfaceOrientationLandscapeRight";
				INFOPLIST_KEY_UISupportedInterfaceOrientations_iPhone = "UIInterfaceOrientationPortrait UIInterfaceOrientationLandscapeLeft UIInterfaceOrientationLandscapeRight";
				LD_RUNPATH_SEARCH_PATHS = (
					"$(inherited)",
					"@executable_path/Frameworks",
				);
				MARKETING_VERSION = 1.0;
				PRODUCT_BUNDLE_IDENTIFIER = com.mc1.ferry.Setaraaaaa;
				PRODUCT_NAME = "$(TARGET_NAME)";
				PROVISIONING_PROFILE_SPECIFIER = "";
				SWIFT_EMIT_LOC_STRINGS = YES;
				SWIFT_VERSION = 5.0;
				TARGETED_DEVICE_FAMILY = "1,2";
			};
			name = Debug;
		};
		F75B50E529D6CB21007D2998 /* Release */ = {
			isa = XCBuildConfiguration;
			buildSettings = {
				ASSETCATALOG_COMPILER_APPICON_NAME = AppIcon;
				ASSETCATALOG_COMPILER_GLOBAL_ACCENT_COLOR_NAME = AccentColor;
				CODE_SIGN_IDENTITY = "Apple Development";
				CODE_SIGN_STYLE = Automatic;
				CURRENT_PROJECT_VERSION = 1;
				DEVELOPMENT_ASSET_PATHS = "\"Setaraaaaa/Preview Content\"";
				DEVELOPMENT_TEAM = "";
				ENABLE_PREVIEWS = YES;
				GENERATE_INFOPLIST_FILE = YES;
				INFOPLIST_KEY_UIApplicationSceneManifest_Generation = YES;
				INFOPLIST_KEY_UIApplicationSupportsIndirectInputEvents = YES;
				INFOPLIST_KEY_UILaunchScreen_Generation = YES;
				INFOPLIST_KEY_UISupportedInterfaceOrientations_iPad = "UIInterfaceOrientationPortrait UIInterfaceOrientationPortraitUpsideDown UIInterfaceOrientationLandscapeLeft UIInterfaceOrientationLandscapeRight";
				INFOPLIST_KEY_UISupportedInterfaceOrientations_iPhone = "UIInterfaceOrientationPortrait UIInterfaceOrientationLandscapeLeft UIInterfaceOrientationLandscapeRight";
				LD_RUNPATH_SEARCH_PATHS = (
					"$(inherited)",
					"@executable_path/Frameworks",
				);
				MARKETING_VERSION = 1.0;
				PRODUCT_BUNDLE_IDENTIFIER = com.mc1.ferry.Setaraaaaa;
				PRODUCT_NAME = "$(TARGET_NAME)";
				PROVISIONING_PROFILE_SPECIFIER = "";
				SWIFT_EMIT_LOC_STRINGS = YES;
				SWIFT_VERSION = 5.0;
				TARGETED_DEVICE_FAMILY = "1,2";
			};
			name = Release;
		};
/* End XCBuildConfiguration section */

/* Begin XCConfigurationList section */
		F75B50D029D6CB20007D2998 /* Build configuration list for PBXProject "Setara" */ = {
			isa = XCConfigurationList;
			buildConfigurations = (
				F75B50E129D6CB21007D2998 /* Debug */,
				F75B50E229D6CB21007D2998 /* Release */,
			);
			defaultConfigurationIsVisible = 0;
			defaultConfigurationName = Release;
		};
		F75B50E329D6CB21007D2998 /* Build configuration list for PBXNativeTarget "Setaraaaaa" */ = {
			isa = XCConfigurationList;
			buildConfigurations = (
				F75B50E429D6CB21007D2998 /* Debug */,
				F75B50E529D6CB21007D2998 /* Release */,
			);
			defaultConfigurationIsVisible = 0;
			defaultConfigurationName = Release;
		};
/* End XCConfigurationList section */
	};
	rootObject = F75B50CD29D6CB20007D2998 /* Project object */;
}
